{
  "name": "AppShopWithUI",
  "lockfileVersion": 3,
  "requires": true,
  "packages": {
    "": {
      "dependencies": {
        "react-components": "^0.5.1"
      }
    },
    "node_modules/aphrodite": {
      "version": "1.1.0",
      "resolved": "https://registry.npmjs.org/aphrodite/-/aphrodite-1.1.0.tgz",
      "integrity": "sha512-H1XYw4w5yLw2TP4ybW6IjCUttgAPZuGQPyOMIJeRoE+LbLL3FRdMFTtmXWKmtVpiugk4XL/Y0hukua1UK84fKg==",
      "dependencies": {
        "asap": "^2.0.3",
        "inline-style-prefixer": "^2.0.0"
      }
    },
    "node_modules/asap": {
      "version": "2.0.6",
      "resolved": "https://registry.npmjs.org/asap/-/asap-2.0.6.tgz",
      "integrity": "sha512-BSHWgDSAiKs50o2Re8ppvp3seVHXSRM44cdSsT9FfNEUUZLOGWVCsiWaRPWM1Znn+mqZ1OfVZ3z3DWEzSp7hRA=="
    },
    "node_modules/bowser": {
      "version": "1.9.4",
      "resolved": "https://registry.npmjs.org/bowser/-/bowser-1.9.4.tgz",
      "integrity": "sha512-9IdMmj2KjigRq6oWhmwv1W36pDuA4STQZ8q6YO9um+x07xgYNCD3Oou+WP/3L1HNz7iqythGet3/p4wvc8AAwQ=="
    },
    "node_modules/hyphenate-style-name": {
      "version": "1.1.0",
      "resolved": "https://registry.npmjs.org/hyphenate-style-name/-/hyphenate-style-name-1.1.0.tgz",
      "integrity": "sha512-WDC/ui2VVRrz3jOVi+XtjqkDjiVjTtFaAGiW37k6b+ohyQ5wYDOGkvCZa8+H0nx3gyvv0+BST9xuOgIyGQ00gw=="
    },
    "node_modules/inline-style-prefixer": {
      "version": "2.0.5",
      "resolved": "https://registry.npmjs.org/inline-style-prefixer/-/inline-style-prefixer-2.0.5.tgz",
      "integrity": "sha512-rlgoApaAAv66JeDFqGYaXwglnlxjyIr7RMaFZqJw4opT0WKnZVXhXMC9SAfuMpN7NELPaImUhJmOO3hAamSlfw==",
      "dependencies": {
        "bowser": "^1.0.0",
        "hyphenate-style-name": "^1.0.1"
      },
      "engines": {
        "node": ">=0.12"
      }
    },
    "node_modules/react-components": {
      "version": "0.5.1",
      "resolved": "https://registry.npmjs.org/react-components/-/react-components-0.5.1.tgz",
      "integrity": "sha512-YRZcUHHwnsP/3zoRZOXZPnil8d4qlA1f4YQhNcMfdNdOhJiTAe3B3G6XnFCPzqlTWrOA3dRb+kvlIp7W3ufPsA==",
      "dependencies": {
        "aphrodite": "1.1.0"
      }
    }
  }
}
